# THIS IS AN AUTOGENERATED FILE. DO NOT EDIT THIS FILE DIRECTLY.
# yarn lockfile v1


async-disk-cache@1.3.3:
  version "1.3.3"
  resolved "https://registry.yarnpkg.com/async-disk-cache/-/async-disk-cache-1.3.3.tgz#6040486660b370e4051cd9fa9fee275e1fae3728"
  dependencies:
    debug "^2.1.3"
    heimdalljs "^0.2.3"
    istextorbinary "2.1.0"
    mkdirp "^0.5.0"
    rimraf "^2.5.3"
    rsvp "^3.0.18"
    username-sync "1.0.1"

balanced-match@^1.0.0:
  version "1.0.0"
  resolved "https://registry.yarnpkg.com/balanced-match/-/balanced-match-1.0.0.tgz#89b4d199ab2bee49de164ea02b89ce462d71b767"

"binaryextensions@1 || 2":
  version "2.1.1"
  resolved "https://registry.yarnpkg.com/binaryextensions/-/binaryextensions-2.1.1.tgz#3209a51ca4a4ad541a3b8d3d6a6d5b83a2485935"

brace-expansion@^1.1.7:
  version "1.1.11"
  resolved "https://registry.yarnpkg.com/brace-expansion/-/brace-expansion-1.1.11.tgz#3c7fcbf529d87226f3d2f52b966ff5271eb441dd"
  dependencies:
    balanced-match "^1.0.0"
    concat-map "0.0.1"

concat-map@0.0.1:
  version "0.0.1"
  resolved "https://registry.yarnpkg.com/concat-map/-/concat-map-0.0.1.tgz#d8a96bd77fd68df7793a73036a3ba0d5405d477b"

debug@^2.1.3:
  version "2.6.9"
  resolved "https://registry.yarnpkg.com/debug/-/debug-2.6.9.tgz#5d128515df134ff327e90a4c93f4e077a536341f"
  dependencies:
    ms "2.0.0"

editions@^1.1.1:
  version "1.3.4"
  resolved "https://registry.yarnpkg.com/editions/-/editions-1.3.4.tgz#3662cb592347c3168eb8e498a0ff73271d67f50b"

fs.realpath@^1.0.0:
  version "1.0.0"
  resolved "https://registry.yarnpkg.com/fs.realpath/-/fs.realpath-1.0.0.tgz#1504ad2523158caa40db4a2787cb01411994ea4f"

github-url-parse@0.1.0:
  version "0.1.0"
  resolved "https://registry.yarnpkg.com/github-url-parse/-/github-url-parse-0.1.0.tgz#1f7109d10f251390777f6130ead57342d283ea8f"

glob@^7.0.5:
  version "7.1.2"
  resolved "https://registry.yarnpkg.com/glob/-/glob-7.1.2.tgz#c19c9df9a028702d678612384a6552404c636d15"
  dependencies:
    fs.realpath "^1.0.0"
    inflight "^1.0.4"
    inherits "2"
    minimatch "^3.0.4"
    once "^1.3.0"
    path-is-absolute "^1.0.0"

heimdalljs@^0.2.3:
  version "0.2.5"
  resolved "https://registry.yarnpkg.com/heimdalljs/-/heimdalljs-0.2.5.tgz#6aa54308eee793b642cff9cf94781445f37730ac"
  dependencies:
    rsvp "~3.2.1"

inflight@^1.0.4:
  version "1.0.6"
  resolved "https://registry.yarnpkg.com/inflight/-/inflight-1.0.6.tgz#49bd6331d7d02d0c09bc910a1075ba8165b56df9"
  dependencies:
    once "^1.3.0"
    wrappy "1"

inherits@2:
  version "2.0.3"
  resolved "https://registry.yarnpkg.com/inherits/-/inherits-2.0.3.tgz#633c2c83e3da42a502f52466022480f4208261de"

istextorbinary@2.1.0:
  version "2.1.0"
  resolved "https://registry.yarnpkg.com/istextorbinary/-/istextorbinary-2.1.0.tgz#dbed2a6f51be2f7475b68f89465811141b758874"
  dependencies:
    binaryextensions "1 || 2"
    editions "^1.1.1"
    textextensions "1 || 2"

lodash-es@4.17.8:
  version "4.17.8"
  resolved "https://registry.yarnpkg.com/lodash-es/-/lodash-es-4.17.8.tgz#6fa8c8c5d337481df0bdf1c0d899d42473121e45"

minimatch@^3.0.4:
  version "3.0.4"
  resolved "https://registry.yarnpkg.com/minimatch/-/minimatch-3.0.4.tgz#5166e286457f03306064be5497e8dbb0c3d32083"
  dependencies:
    brace-expansion "^1.1.7"

minimist@0.0.8:
  version "0.0.8"
  resolved "https://registry.yarnpkg.com/minimist/-/minimist-0.0.8.tgz#857fcabfc3397d2625b8228262e86aa7a011b05d"

mkdirp@^0.5.0:
  version "0.5.1"
  resolved "https://registry.yarnpkg.com/mkdirp/-/mkdirp-0.5.1.tgz#30057438eac6cf7f8c4767f38648d6697d75c903"
  dependencies:
    minimist "0.0.8"

ms@2.0.0:
  version "2.0.0"
  resolved "https://registry.yarnpkg.com/ms/-/ms-2.0.0.tgz#5608aeadfc00be6c2901df5f9861788de0d597c8"

node-fetch@2.1.2:
  version "2.1.2"
  resolved "https://registry.yarnpkg.com/node-fetch/-/node-fetch-2.1.2.tgz#ab884e8e7e57e38a944753cec706f788d1768bb5"

once@^1.3.0:
  version "1.4.0"
  resolved "https://registry.yarnpkg.com/once/-/once-1.4.0.tgz#583b1aa775961d4b113ac17d9c50baef9dd76bd1"
  dependencies:
    wrappy "1"

parse-numeric-range@0.0.2:
  version "0.0.2"
  resolved "https://registry.yarnpkg.com/parse-numeric-range/-/parse-numeric-range-0.0.2.tgz#b4f09d413c7adbcd987f6e9233c7b4b210c938e4"

path-is-absolute@^1.0.0:
  version "1.0.1"
  resolved "https://registry.yarnpkg.com/path-is-absolute/-/path-is-absolute-1.0.1.tgz#174b9268735534ffbc7ace6bf53a5a9e1b5c5f5f"

remark-github-plugin@1.1.0:
  version "1.1.0"
  resolved "https://registry.yarnpkg.com/remark-github-plugin/-/remark-github-plugin-1.1.0.tgz#6a5deaa4ceabba4ebec1b4182ac251ae751815d3"
  dependencies:
    async-disk-cache "1.3.3"
    github-url-parse "0.1.0"
    lodash-es "4.17.8"
    node-fetch "2.1.2"
    parse-numeric-range "0.0.2"
    unist-util-visit "1.3.0"

rimraf@^2.5.3:
  version "2.6.2"
  resolved "https://registry.yarnpkg.com/rimraf/-/rimraf-2.6.2.tgz#2ed8150d24a16ea8651e6d6ef0f47c4158ce7a36"
  dependencies:
    glob "^7.0.5"

rsvp@^3.0.18:
  version "3.6.2"
  resolved "https://registry.yarnpkg.com/rsvp/-/rsvp-3.6.2.tgz#2e96491599a96cde1b515d5674a8f7a91452926a"

rsvp@~3.2.1:
  version "3.2.1"
  resolved "https://registry.yarnpkg.com/rsvp/-/rsvp-3.2.1.tgz#07cb4a5df25add9e826ebc67dcc9fd89db27d84a"

"textextensions@1 || 2":
  version "2.2.0"
  resolved "https://registry.yarnpkg.com/textextensions/-/textextensions-2.2.0.tgz#38ac676151285b658654581987a0ce1a4490d286"

unist-util-is@^2.1.1:
  version "2.1.1"
  resolved "https://registry.yarnpkg.com/unist-util-is/-/unist-util-is-2.1.1.tgz#0c312629e3f960c66e931e812d3d80e77010947b"

unist-util-visit@1.3.0:
  version "1.3.0"
  resolved "https://registry.yarnpkg.com/unist-util-visit/-/unist-util-visit-1.3.0.tgz#41ca7c82981fd1ce6c762aac397fc24e35711444"
  dependencies:
    unist-util-is "^2.1.1"

username-sync@1.0.1:
  version "1.0.1"
  resolved "https://registry.yarnpkg.com/username-sync/-/username-sync-1.0.1.tgz#1cde87eefcf94b8822984d938ba2b797426dae1f"

wrappy@1:
  version "1.0.2"
  resolved "https://registry.yarnpkg.com/wrappy/-/wrappy-1.0.2.tgz#b5243d8f3ec1aa35f1364605bc0d1036e30ab69f"
